// !$*UTF8*$!
{
	archiveVersion = 1;
	classes = {
	};
	objectVersion = 50;
	objects = {

/* Begin PBXBuildFile section */
		DB69409720C7D54D003B7FAA /* AppDelegate.swift in Sources */ = {isa = PBXBuildFile; fileRef = DB69409620C7D54D003B7FAA /* AppDelegate.swift */; };
		DB69409C20C7D54D003B7FAA /* Main.storyboard in Resources */ = {isa = PBXBuildFile; fileRef = DB69409A20C7D54D003B7FAA /* Main.storyboard */; };
		DB69409F20C7D54D003B7FAA /* TaskManager.xcdatamodeld in Sources */ = {isa = PBXBuildFile; fileRef = DB69409D20C7D54D003B7FAA /* TaskManager.xcdatamodeld */; };
		DB6940A120C7D54F003B7FAA /* Assets.xcassets in Resources */ = {isa = PBXBuildFile; fileRef = DB6940A020C7D54F003B7FAA /* Assets.xcassets */; };
		DB6940A420C7D54F003B7FAA /* LaunchScreen.storyboard in Resources */ = {isa = PBXBuildFile; fileRef = DB6940A220C7D54F003B7FAA /* LaunchScreen.storyboard */; };
		DB6940AF20C7D54F003B7FAA /* TaskManagerTests.swift in Sources */ = {isa = PBXBuildFile; fileRef = DB6940AE20C7D54F003B7FAA /* TaskManagerTests.swift */; };
		DB6940BA20C7D54F003B7FAA /* TaskManagerUITests.swift in Sources */ = {isa = PBXBuildFile; fileRef = DB6940B920C7D54F003B7FAA /* TaskManagerUITests.swift */; };
		DB6940C920C7D9D6003B7FAA /* TMUIButtonExtention.swift in Sources */ = {isa = PBXBuildFile; fileRef = DB6940C820C7D9D6003B7FAA /* TMUIButtonExtention.swift */; };
		DB6940DA20C7D9E1003B7FAA /* TMHomePresenter.swift in Sources */ = {isa = PBXBuildFile; fileRef = DB6940CC20C7D9E1003B7FAA /* TMHomePresenter.swift */; };
		DB6940DB20C7D9E1003B7FAA /* TMHomePresenterProtocol.swift in Sources */ = {isa = PBXBuildFile; fileRef = DB6940CD20C7D9E1003B7FAA /* TMHomePresenterProtocol.swift */; };
		DB6940DC20C7D9E1003B7FAA /* TMHomeInteractorProtocol.swift in Sources */ = {isa = PBXBuildFile; fileRef = DB6940CF20C7D9E1003B7FAA /* TMHomeInteractorProtocol.swift */; };
		DB6940DD20C7D9E1003B7FAA /* TMHomeInteractorOutputProtocol.swift in Sources */ = {isa = PBXBuildFile; fileRef = DB6940D020C7D9E1003B7FAA /* TMHomeInteractorOutputProtocol.swift */; };
		DB6940DE20C7D9E1003B7FAA /* TMHomeInteractor.swift in Sources */ = {isa = PBXBuildFile; fileRef = DB6940D120C7D9E1003B7FAA /* TMHomeInteractor.swift */; };
		DB6940DF20C7D9E1003B7FAA /* TMHomeViewControllerProtocol.swift in Sources */ = {isa = PBXBuildFile; fileRef = DB6940D320C7D9E1003B7FAA /* TMHomeViewControllerProtocol.swift */; };
		DB6940E020C7D9E1003B7FAA /* TMTaskTableViewCell.swift in Sources */ = {isa = PBXBuildFile; fileRef = DB6940D420C7D9E1003B7FAA /* TMTaskTableViewCell.swift */; };
		DB6940E120C7D9E1003B7FAA /* TMHomeViewController.storyboard in Resources */ = {isa = PBXBuildFile; fileRef = DB6940D520C7D9E1003B7FAA /* TMHomeViewController.storyboard */; };
		DB6940E220C7D9E1003B7FAA /* TMHomeViewController.swift in Sources */ = {isa = PBXBuildFile; fileRef = DB6940D620C7D9E1003B7FAA /* TMHomeViewController.swift */; };
		DB6940E320C7D9E1003B7FAA /* TMHomeWireframe.swift in Sources */ = {isa = PBXBuildFile; fileRef = DB6940D820C7D9E1003B7FAA /* TMHomeWireframe.swift */; };
		DB6940E420C7D9E1003B7FAA /* TMHomeWireframeProtocol.swift in Sources */ = {isa = PBXBuildFile; fileRef = DB6940D920C7D9E1003B7FAA /* TMHomeWireframeProtocol.swift */; };
		DB6940ED20C7D9EB003B7FAA /* TMPersistentService.swift in Sources */ = {isa = PBXBuildFile; fileRef = DB6940E720C7D9EB003B7FAA /* TMPersistentService.swift */; };
/* End PBXBuildFile section */

/* Begin PBXContainerItemProxy section */
		DB6940AB20C7D54F003B7FAA /* PBXContainerItemProxy */ = {
			isa = PBXContainerItemProxy;
			containerPortal = DB69408B20C7D54D003B7FAA /* Project object */;
			proxyType = 1;
			remoteGlobalIDString = DB69409220C7D54D003B7FAA;
			remoteInfo = TaskManager;
		};
		DB6940B620C7D54F003B7FAA /* PBXContainerItemProxy */ = {
			isa = PBXContainerItemProxy;
			containerPortal = DB69408B20C7D54D003B7FAA /* Project object */;
			proxyType = 1;
			remoteGlobalIDString = DB69409220C7D54D003B7FAA;
			remoteInfo = TaskManager;
		};
/* End PBXContainerItemProxy section */

/* Begin PBXFileReference section */
		DB69409320C7D54D003B7FAA /* TaskManager.app */ = {isa = PBXFileReference; explicitFileType = wrapper.application; includeInIndex = 0; path = TaskManager.app; sourceTree = BUILT_PRODUCTS_DIR; };
		DB69409620C7D54D003B7FAA /* AppDelegate.swift */ = {isa = PBXFileReference; lastKnownFileType = sourcecode.swift; path = AppDelegate.swift; sourceTree = "<group>"; };
		DB69409B20C7D54D003B7FAA /* Base */ = {isa = PBXFileReference; lastKnownFileType = file.storyboard; name = Base; path = Base.lproj/Main.storyboard; sourceTree = "<group>"; };
		DB69409E20C7D54D003B7FAA /* TaskManager.xcdatamodel */ = {isa = PBXFileReference; lastKnownFileType = wrapper.xcdatamodel; path = TaskManager.xcdatamodel; sourceTree = "<group>"; };
		DB6940A020C7D54F003B7FAA /* Assets.xcassets */ = {isa = PBXFileReference; lastKnownFileType = folder.assetcatalog; path = Assets.xcassets; sourceTree = "<group>"; };
		DB6940A320C7D54F003B7FAA /* Base */ = {isa = PBXFileReference; lastKnownFileType = file.storyboard; name = Base; path = Base.lproj/LaunchScreen.storyboard; sourceTree = "<group>"; };
		DB6940A520C7D54F003B7FAA /* Info.plist */ = {isa = PBXFileReference; lastKnownFileType = text.plist.xml; path = Info.plist; sourceTree = "<group>"; };
		DB6940AA20C7D54F003B7FAA /* TaskManagerTests.xctest */ = {isa = PBXFileReference; explicitFileType = wrapper.cfbundle; includeInIndex = 0; path = TaskManagerTests.xctest; sourceTree = BUILT_PRODUCTS_DIR; };
		DB6940AE20C7D54F003B7FAA /* TaskManagerTests.swift */ = {isa = PBXFileReference; lastKnownFileType = sourcecode.swift; path = TaskManagerTests.swift; sourceTree = "<group>"; };
		DB6940B020C7D54F003B7FAA /* Info.plist */ = {isa = PBXFileReference; lastKnownFileType = text.plist.xml; path = Info.plist; sourceTree = "<group>"; };
		DB6940B520C7D54F003B7FAA /* TaskManagerUITests.xctest */ = {isa = PBXFileReference; explicitFileType = wrapper.cfbundle; includeInIndex = 0; path = TaskManagerUITests.xctest; sourceTree = BUILT_PRODUCTS_DIR; };
		DB6940B920C7D54F003B7FAA /* TaskManagerUITests.swift */ = {isa = PBXFileReference; lastKnownFileType = sourcecode.swift; path = TaskManagerUITests.swift; sourceTree = "<group>"; };
		DB6940BB20C7D54F003B7FAA /* Info.plist */ = {isa = PBXFileReference; lastKnownFileType = text.plist.xml; path = Info.plist; sourceTree = "<group>"; };
		DB6940C820C7D9D6003B7FAA /* TMUIButtonExtention.swift */ = {isa = PBXFileReference; fileEncoding = 4; lastKnownFileType = sourcecode.swift; path = TMUIButtonExtention.swift; sourceTree = "<group>"; };
		DB6940CC20C7D9E1003B7FAA /* TMHomePresenter.swift */ = {isa = PBXFileReference; fileEncoding = 4; lastKnownFileType = sourcecode.swift; path = TMHomePresenter.swift; sourceTree = "<group>"; };
		DB6940CD20C7D9E1003B7FAA /* TMHomePresenterProtocol.swift */ = {isa = PBXFileReference; fileEncoding = 4; lastKnownFileType = sourcecode.swift; path = TMHomePresenterProtocol.swift; sourceTree = "<group>"; };
		DB6940CF20C7D9E1003B7FAA /* TMHomeInteractorProtocol.swift */ = {isa = PBXFileReference; fileEncoding = 4; lastKnownFileType = sourcecode.swift; path = TMHomeInteractorProtocol.swift; sourceTree = "<group>"; };
		DB6940D020C7D9E1003B7FAA /* TMHomeInteractorOutputProtocol.swift */ = {isa = PBXFileReference; fileEncoding = 4; lastKnownFileType = sourcecode.swift; path = TMHomeInteractorOutputProtocol.swift; sourceTree = "<group>"; };
		DB6940D120C7D9E1003B7FAA /* TMHomeInteractor.swift */ = {isa = PBXFileReference; fileEncoding = 4; lastKnownFileType = sourcecode.swift; path = TMHomeInteractor.swift; sourceTree = "<group>"; };
		DB6940D320C7D9E1003B7FAA /* TMHomeViewControllerProtocol.swift */ = {isa = PBXFileReference; fileEncoding = 4; lastKnownFileType = sourcecode.swift; path = TMHomeViewControllerProtocol.swift; sourceTree = "<group>"; };
		DB6940D420C7D9E1003B7FAA /* TMTaskTableViewCell.swift */ = {isa = PBXFileReference; fileEncoding = 4; lastKnownFileType = sourcecode.swift; path = TMTaskTableViewCell.swift; sourceTree = "<group>"; };
		DB6940D520C7D9E1003B7FAA /* TMHomeViewController.storyboard */ = {isa = PBXFileReference; fileEncoding = 4; lastKnownFileType = file.storyboard; path = TMHomeViewController.storyboard; sourceTree = "<group>"; };
		DB6940D620C7D9E1003B7FAA /* TMHomeViewController.swift */ = {isa = PBXFileReference; fileEncoding = 4; lastKnownFileType = sourcecode.swift; path = TMHomeViewController.swift; sourceTree = "<group>"; };
		DB6940D820C7D9E1003B7FAA /* TMHomeWireframe.swift */ = {isa = PBXFileReference; fileEncoding = 4; lastKnownFileType = sourcecode.swift; path = TMHomeWireframe.swift; sourceTree = "<group>"; };
		DB6940D920C7D9E1003B7FAA /* TMHomeWireframeProtocol.swift */ = {isa = PBXFileReference; fileEncoding = 4; lastKnownFileType = sourcecode.swift; path = TMHomeWireframeProtocol.swift; sourceTree = "<group>"; };
		DB6940E720C7D9EB003B7FAA /* TMPersistentService.swift */ = {isa = PBXFileReference; fileEncoding = 4; lastKnownFileType = sourcecode.swift; path = TMPersistentService.swift; sourceTree = "<group>"; };
		DB6940F420C7DA26003B7FAA /* TMPersistentService.swift */ = {isa = PBXFileReference; lastKnownFileType = sourcecode.swift; path = TMPersistentService.swift; sourceTree = "<group>"; };
		DB69410A20C7DD15003B7FAA /* ColorCategory+CoreDataProperties.swift */ = {isa = PBXFileReference; lastKnownFileType = sourcecode.swift; path = "ColorCategory+CoreDataProperties.swift"; sourceTree = "<group>"; };
		DB69410B20C7DD15003B7FAA /* Task+CoreDataClass.swift */ = {isa = PBXFileReference; lastKnownFileType = sourcecode.swift; path = "Task+CoreDataClass.swift"; sourceTree = "<group>"; };
		DB69410C20C7DD15003B7FAA /* ColorCategory+CoreDataClass.swift */ = {isa = PBXFileReference; lastKnownFileType = sourcecode.swift; path = "ColorCategory+CoreDataClass.swift"; sourceTree = "<group>"; };
		DB69410D20C7DD16003B7FAA /* Task+CoreDataProperties.swift */ = {isa = PBXFileReference; lastKnownFileType = sourcecode.swift; path = "Task+CoreDataProperties.swift"; sourceTree = "<group>"; };
/* End PBXFileReference section */

/* Begin PBXFrameworksBuildPhase section */
		DB69409020C7D54D003B7FAA /* Frameworks */ = {
			isa = PBXFrameworksBuildPhase;
			buildActionMask = 2147483647;
			files = (
			);
			runOnlyForDeploymentPostprocessing = 0;
		};
		DB6940A720C7D54F003B7FAA /* Frameworks */ = {
			isa = PBXFrameworksBuildPhase;
			buildActionMask = 2147483647;
			files = (
			);
			runOnlyForDeploymentPostprocessing = 0;
		};
		DB6940B220C7D54F003B7FAA /* Frameworks */ = {
			isa = PBXFrameworksBuildPhase;
			buildActionMask = 2147483647;
			files = (
			);
			runOnlyForDeploymentPostprocessing = 0;
		};
/* End PBXFrameworksBuildPhase section */

/* Begin PBXGroup section */
		DB69408A20C7D54D003B7FAA = {
			isa = PBXGroup;
			children = (
				DB69409520C7D54D003B7FAA /* TaskManager */,
				DB6940AD20C7D54F003B7FAA /* TaskManagerTests */,
				DB6940B820C7D54F003B7FAA /* TaskManagerUITests */,
				DB69409420C7D54D003B7FAA /* Products */,
			);
			sourceTree = "<group>";
		};
		DB69409420C7D54D003B7FAA /* Products */ = {
			isa = PBXGroup;
			children = (
				DB69409320C7D54D003B7FAA /* TaskManager.app */,
				DB6940AA20C7D54F003B7FAA /* TaskManagerTests.xctest */,
				DB6940B520C7D54F003B7FAA /* TaskManagerUITests.xctest */,
			);
			name = Products;
			sourceTree = "<group>";
		};
		DB69409520C7D54D003B7FAA /* TaskManager */ = {
			isa = PBXGroup;
			children = (
				DB6940F220C7DA26003B7FAA /* Model */,
				DB6940CA20C7D9E1003B7FAA /* HomeView */,
				DB6940C720C7D9D6003B7FAA /* SupportingFiles */,
				DB69409620C7D54D003B7FAA /* AppDelegate.swift */,
				DB69409A20C7D54D003B7FAA /* Main.storyboard */,
				DB6940A020C7D54F003B7FAA /* Assets.xcassets */,
				DB6940A220C7D54F003B7FAA /* LaunchScreen.storyboard */,
				DB6940A520C7D54F003B7FAA /* Info.plist */,
				DB69409D20C7D54D003B7FAA /* TaskManager.xcdatamodeld */,
			);
			path = TaskManager;
			sourceTree = "<group>";
		};
		DB6940AD20C7D54F003B7FAA /* TaskManagerTests */ = {
			isa = PBXGroup;
			children = (
				DB6940AE20C7D54F003B7FAA /* TaskManagerTests.swift */,
				DB6940B020C7D54F003B7FAA /* Info.plist */,
			);
			path = TaskManagerTests;
			sourceTree = "<group>";
		};
		DB6940B820C7D54F003B7FAA /* TaskManagerUITests */ = {
			isa = PBXGroup;
			children = (
				DB6940B920C7D54F003B7FAA /* TaskManagerUITests.swift */,
				DB6940BB20C7D54F003B7FAA /* Info.plist */,
			);
			path = TaskManagerUITests;
			sourceTree = "<group>";
		};
		DB6940C720C7D9D6003B7FAA /* SupportingFiles */ = {
			isa = PBXGroup;
			children = (
				DB6940C820C7D9D6003B7FAA /* TMUIButtonExtention.swift */,
			);
			name = SupportingFiles;
			path = ../../../TaskManager/TaskManager/SupportingFiles;
			sourceTree = "<group>";
		};
		DB6940CA20C7D9E1003B7FAA /* HomeView */ = {
			isa = PBXGroup;
			children = (
				DB6940E520C7D9EB003B7FAA /* Model */,
				DB6940CB20C7D9E1003B7FAA /* Presenter */,
				DB6940CE20C7D9E1003B7FAA /* BusinessLogic */,
				DB6940D220C7D9E1003B7FAA /* UserInterface */,
				DB6940D720C7D9E1003B7FAA /* Routing */,
			);
			name = HomeView;
			path = ../../../TaskManager/TaskManager/HomeView;
			sourceTree = "<group>";
		};
		DB6940CB20C7D9E1003B7FAA /* Presenter */ = {
			isa = PBXGroup;
			children = (
				DB6940CC20C7D9E1003B7FAA /* TMHomePresenter.swift */,
				DB6940CD20C7D9E1003B7FAA /* TMHomePresenterProtocol.swift */,
			);
			path = Presenter;
			sourceTree = "<group>";
		};
		DB6940CE20C7D9E1003B7FAA /* BusinessLogic */ = {
			isa = PBXGroup;
			children = (
				DB6940CF20C7D9E1003B7FAA /* TMHomeInteractorProtocol.swift */,
				DB6940D020C7D9E1003B7FAA /* TMHomeInteractorOutputProtocol.swift */,
				DB6940D120C7D9E1003B7FAA /* TMHomeInteractor.swift */,
			);
			path = BusinessLogic;
			sourceTree = "<group>";
		};
		DB6940D220C7D9E1003B7FAA /* UserInterface */ = {
			isa = PBXGroup;
			children = (
				DB6940D320C7D9E1003B7FAA /* TMHomeViewControllerProtocol.swift */,
				DB6940D420C7D9E1003B7FAA /* TMTaskTableViewCell.swift */,
				DB6940D520C7D9E1003B7FAA /* TMHomeViewController.storyboard */,
				DB6940D620C7D9E1003B7FAA /* TMHomeViewController.swift */,
			);
			path = UserInterface;
			sourceTree = "<group>";
		};
		DB6940D720C7D9E1003B7FAA /* Routing */ = {
			isa = PBXGroup;
			children = (
				DB6940D820C7D9E1003B7FAA /* TMHomeWireframe.swift */,
				DB6940D920C7D9E1003B7FAA /* TMHomeWireframeProtocol.swift */,
			);
			path = Routing;
			sourceTree = "<group>";
		};
		DB6940E520C7D9EB003B7FAA /* Model */ = {
			isa = PBXGroup;
			children = (
				DB6940E620C7D9EB003B7FAA /* CoreData */,
			);
			name = Model;
			path = ../Model;
			sourceTree = "<group>";
		};
		DB6940E620C7D9EB003B7FAA /* CoreData */ = {
			isa = PBXGroup;
			children = (
				DB6940E720C7D9EB003B7FAA /* TMPersistentService.swift */,
				DB6940E820C7D9EB003B7FAA /* Entities */,
			);
			path = CoreData;
			sourceTree = "<group>";
		};
		DB6940E820C7D9EB003B7FAA /* Entities */ = {
			isa = PBXGroup;
			children = (
				DB69410B20C7DD15003B7FAA /* Task+CoreDataClass.swift */,
				DB69410D20C7DD16003B7FAA /* Task+CoreDataProperties.swift */,
				DB69410C20C7DD15003B7FAA /* ColorCategory+CoreDataClass.swift */,
				DB69410A20C7DD15003B7FAA /* ColorCategory+CoreDataProperties.swift */,
			);
			path = Entities;
			sourceTree = "<group>";
		};
		DB6940F220C7DA26003B7FAA /* Model */ = {
			isa = PBXGroup;
			children = (
				DB6940F320C7DA26003B7FAA /* CoreData */,
			);
			path = Model;
			sourceTree = "<group>";
		};
		DB6940F320C7DA26003B7FAA /* CoreData */ = {
			isa = PBXGroup;
			children = (
				DB6940F420C7DA26003B7FAA /* TMPersistentService.swift */,
				DB6940F520C7DA26003B7FAA /* Entities */,
			);
			path = CoreData;
			sourceTree = "<group>";
		};
		DB6940F520C7DA26003B7FAA /* Entities */ = {
			isa = PBXGroup;
			children = (
			);
			path = Entities;
			sourceTree = "<group>";
		};
/* End PBXGroup section */

/* Begin PBXNativeTarget section */
		DB69409220C7D54D003B7FAA /* TaskManager */ = {
			isa = PBXNativeTarget;
			buildConfigurationList = DB6940BE20C7D54F003B7FAA /* Build configuration list for PBXNativeTarget "TaskManager" */;
			buildPhases = (
				DB69408F20C7D54D003B7FAA /* Sources */,
				DB69409020C7D54D003B7FAA /* Frameworks */,
				DB69409120C7D54D003B7FAA /* Resources */,
			);
			buildRules = (
			);
			dependencies = (
			);
			name = TaskManager;
			productName = TaskManager;
			productReference = DB69409320C7D54D003B7FAA /* TaskManager.app */;
			productType = "com.apple.product-type.application";
		};
		DB6940A920C7D54F003B7FAA /* TaskManagerTests */ = {
			isa = PBXNativeTarget;
			buildConfigurationList = DB6940C120C7D54F003B7FAA /* Build configuration list for PBXNativeTarget "TaskManagerTests" */;
			buildPhases = (
				DB6940A620C7D54F003B7FAA /* Sources */,
				DB6940A720C7D54F003B7FAA /* Frameworks */,
				DB6940A820C7D54F003B7FAA /* Resources */,
			);
			buildRules = (
			);
			dependencies = (
				DB6940AC20C7D54F003B7FAA /* PBXTargetDependency */,
			);
			name = TaskManagerTests;
			productName = TaskManagerTests;
			productReference = DB6940AA20C7D54F003B7FAA /* TaskManagerTests.xctest */;
			productType = "com.apple.product-type.bundle.unit-test";
		};
		DB6940B420C7D54F003B7FAA /* TaskManagerUITests */ = {
			isa = PBXNativeTarget;
			buildConfigurationList = DB6940C420C7D54F003B7FAA /* Build configuration list for PBXNativeTarget "TaskManagerUITests" */;
			buildPhases = (
				DB6940B120C7D54F003B7FAA /* Sources */,
				DB6940B220C7D54F003B7FAA /* Frameworks */,
				DB6940B320C7D54F003B7FAA /* Resources */,
			);
			buildRules = (
			);
			dependencies = (
				DB6940B720C7D54F003B7FAA /* PBXTargetDependency */,
			);
			name = TaskManagerUITests;
			productName = TaskManagerUITests;
			productReference = DB6940B520C7D54F003B7FAA /* TaskManagerUITests.xctest */;
			productType = "com.apple.product-type.bundle.ui-testing";
		};
/* End PBXNativeTarget section */

/* Begin PBXProject section */
		DB69408B20C7D54D003B7FAA /* Project object */ = {
			isa = PBXProject;
			attributes = {
				LastSwiftUpdateCheck = 0930;
				LastUpgradeCheck = 0930;
				ORGANIZATIONNAME = "Denis Efimov";
				TargetAttributes = {
					DB69409220C7D54D003B7FAA = {
						CreatedOnToolsVersion = 9.3.1;
					};
					DB6940A920C7D54F003B7FAA = {
						CreatedOnToolsVersion = 9.3.1;
						TestTargetID = DB69409220C7D54D003B7FAA;
					};
					DB6940B420C7D54F003B7FAA = {
						CreatedOnToolsVersion = 9.3.1;
						TestTargetID = DB69409220C7D54D003B7FAA;
					};
				};
			};
			buildConfigurationList = DB69408E20C7D54D003B7FAA /* Build configuration list for PBXProject "TaskManager" */;
			compatibilityVersion = "Xcode 9.3";
			developmentRegion = en;
			hasScannedForEncodings = 0;
			knownRegions = (
				en,
				Base,
			);
			mainGroup = DB69408A20C7D54D003B7FAA;
			productRefGroup = DB69409420C7D54D003B7FAA /* Products */;
			projectDirPath = "";
			projectRoot = "";
			targets = (
				DB69409220C7D54D003B7FAA /* TaskManager */,
				DB6940A920C7D54F003B7FAA /* TaskManagerTests */,
				DB6940B420C7D54F003B7FAA /* TaskManagerUITests */,
			);
		};
/* End PBXProject section */

/* Begin PBXResourcesBuildPhase section */
		DB69409120C7D54D003B7FAA /* Resources */ = {
			isa = PBXResourcesBuildPhase;
			buildActionMask = 2147483647;
			files = (
				DB6940A420C7D54F003B7FAA /* LaunchScreen.storyboard in Resources */,
				DB6940A120C7D54F003B7FAA /* Assets.xcassets in Resources */,
				DB69409C20C7D54D003B7FAA /* Main.storyboard in Resources */,
				DB6940E120C7D9E1003B7FAA /* TMHomeViewController.storyboard in Resources */,
			);
			runOnlyForDeploymentPostprocessing = 0;
		};
		DB6940A820C7D54F003B7FAA /* Resources */ = {
			isa = PBXResourcesBuildPhase;
			buildActionMask = 2147483647;
			files = (
			);
			runOnlyForDeploymentPostprocessing = 0;
		};
		DB6940B320C7D54F003B7FAA /* Resources */ = {
			isa = PBXResourcesBuildPhase;
			buildActionMask = 2147483647;
			files = (
			);
			runOnlyForDeploymentPostprocessing = 0;
		};
/* End PBXResourcesBuildPhase section */

/* Begin PBXSourcesBuildPhase section */
		DB69408F20C7D54D003B7FAA /* Sources */ = {
			isa = PBXSourcesBuildPhase;
			buildActionMask = 2147483647;
			files = (
				DB6940DB20C7D9E1003B7FAA /* TMHomePresenterProtocol.swift in Sources */,
				DB6940DC20C7D9E1003B7FAA /* TMHomeInteractorProtocol.swift in Sources */,
				DB6940E220C7D9E1003B7FAA /* TMHomeViewController.swift in Sources */,
				DB6940DF20C7D9E1003B7FAA /* TMHomeViewControllerProtocol.swift in Sources */,
				DB6940ED20C7D9EB003B7FAA /* TMPersistentService.swift in Sources */,
				DB69409F20C7D54D003B7FAA /* TaskManager.xcdatamodeld in Sources */,
				DB6940C920C7D9D6003B7FAA /* TMUIButtonExtention.swift in Sources */,
				DB6940E420C7D9E1003B7FAA /* TMHomeWireframeProtocol.swift in Sources */,
				DB6940DA20C7D9E1003B7FAA /* TMHomePresenter.swift in Sources */,
				DB69409720C7D54D003B7FAA /* AppDelegate.swift in Sources */,
				DB6940DE20C7D9E1003B7FAA /* TMHomeInteractor.swift in Sources */,
				DB6940E020C7D9E1003B7FAA /* TMTaskTableViewCell.swift in Sources */,
				DB6940DD20C7D9E1003B7FAA /* TMHomeInteractorOutputProtocol.swift in Sources */,
				DB6940E320C7D9E1003B7FAA /* TMHomeWireframe.swift in Sources */,
			);
			runOnlyForDeploymentPostprocessing = 0;
		};
		DB6940A620C7D54F003B7FAA /* Sources */ = {
			isa = PBXSourcesBuildPhase;
			buildActionMask = 2147483647;
			files = (
				DB6940AF20C7D54F003B7FAA /* TaskManagerTests.swift in Sources */,
			);
			runOnlyForDeploymentPostprocessing = 0;
		};
		DB6940B120C7D54F003B7FAA /* Sources */ = {
			isa = PBXSourcesBuildPhase;
			buildActionMask = 2147483647;
			files = (
				DB6940BA20C7D54F003B7FAA /* TaskManagerUITests.swift in Sources */,
			);
			runOnlyForDeploymentPostprocessing = 0;
		};
/* End PBXSourcesBuildPhase section */

/* Begin PBXTargetDependency section */
		DB6940AC20C7D54F003B7FAA /* PBXTargetDependency */ = {
			isa = PBXTargetDependency;
			target = DB69409220C7D54D003B7FAA /* TaskManager */;
			targetProxy = DB6940AB20C7D54F003B7FAA /* PBXContainerItemProxy */;
		};
		DB6940B720C7D54F003B7FAA /* PBXTargetDependency */ = {
			isa = PBXTargetDependency;
			target = DB69409220C7D54D003B7FAA /* TaskManager */;
			targetProxy = DB6940B620C7D54F003B7FAA /* PBXContainerItemProxy */;
		};
/* End PBXTargetDependency section */

/* Begin PBXVariantGroup section */
		DB69409A20C7D54D003B7FAA /* Main.storyboard */ = {
			isa = PBXVariantGroup;
			children = (
				DB69409B20C7D54D003B7FAA /* Base */,
			);
			name = Main.storyboard;
			sourceTree = "<group>";
		};
		DB6940A220C7D54F003B7FAA /* LaunchScreen.storyboard */ = {
			isa = PBXVariantGroup;
			children = (
				DB6940A320C7D54F003B7FAA /* Base */,
			);
			name = LaunchScreen.storyboard;
			sourceTree = "<group>";
		};
/* End PBXVariantGroup section */

/* Begin XCBuildConfiguration section */
		DB6940BC20C7D54F003B7FAA /* Debug */ = {
			isa = XCBuildConfiguration;
			buildSettings = {
				ALWAYS_SEARCH_USER_PATHS = NO;
				CLANG_ANALYZER_NONNULL = YES;
				CLANG_ANALYZER_NUMBER_OBJECT_CONVERSION = YES_AGGRESSIVE;
				CLANG_CXX_LANGUAGE_STANDARD = "gnu++14";
				CLANG_CXX_LIBRARY = "libc++";
				CLANG_ENABLE_MODULES = YES;
				CLANG_ENABLE_OBJC_ARC = YES;
				CLANG_ENABLE_OBJC_WEAK = YES;
				CLANG_WARN_BLOCK_CAPTURE_AUTORELEASING = YES;
				CLANG_WARN_BOOL_CONVERSION = YES;
				CLANG_WARN_COMMA = YES;
				CLANG_WARN_CONSTANT_CONVERSION = YES;
				CLANG_WARN_DEPRECATED_OBJC_IMPLEMENTATIONS = YES;
				CLANG_WARN_DIRECT_OBJC_ISA_USAGE = YES_ERROR;
				CLANG_WARN_DOCUMENTATION_COMMENTS = YES;
				CLANG_WARN_EMPTY_BODY = YES;
				CLANG_WARN_ENUM_CONVERSION = YES;
				CLANG_WARN_INFINITE_RECURSION = YES;
				CLANG_WARN_INT_CONVERSION = YES;
				CLANG_WARN_NON_LITERAL_NULL_CONVERSION = YES;
				CLANG_WARN_OBJC_IMPLICIT_RETAIN_SELF = YES;
				CLANG_WARN_OBJC_LITERAL_CONVERSION = YES;
				CLANG_WARN_OBJC_ROOT_CLASS = YES_ERROR;
				CLANG_WARN_RANGE_LOOP_ANALYSIS = YES;
				CLANG_WARN_STRICT_PROTOTYPES = YES;
				CLANG_WARN_SUSPICIOUS_MOVE = YES;
				CLANG_WARN_UNGUARDED_AVAILABILITY = YES_AGGRESSIVE;
				CLANG_WARN_UNREACHABLE_CODE = YES;
				CLANG_WARN__DUPLICATE_METHOD_MATCH = YES;
				CODE_SIGN_IDENTITY = "iPhone Developer";
				COPY_PHASE_STRIP = NO;
				DEBUG_INFORMATION_FORMAT = dwarf;
				ENABLE_STRICT_OBJC_MSGSEND = YES;
				ENABLE_TESTABILITY = YES;
				GCC_C_LANGUAGE_STANDARD = gnu11;
				GCC_DYNAMIC_NO_PIC = NO;
				GCC_NO_COMMON_BLOCKS = YES;
				GCC_OPTIMIZATION_LEVEL = 0;
				GCC_PREPROCESSOR_DEFINITIONS = (
					"DEBUG=1",
					"$(inherited)",
				);
				GCC_WARN_64_TO_32_BIT_CONVERSION = YES;
				GCC_WARN_ABOUT_RETURN_TYPE = YES_ERROR;
				GCC_WARN_UNDECLARED_SELECTOR = YES;
				GCC_WARN_UNINITIALIZED_AUTOS = YES_AGGRESSIVE;
				GCC_WARN_UNUSED_FUNCTION = YES;
				GCC_WARN_UNUSED_VARIABLE = YES;
				IPHONEOS_DEPLOYMENT_TARGET = 11.3;
				MTL_ENABLE_DEBUG_INFO = YES;
				ONLY_ACTIVE_ARCH = YES;
				SDKROOT = iphoneos;
				SWIFT_ACTIVE_COMPILATION_CONDITIONS = DEBUG;
				SWIFT_OPTIMIZATION_LEVEL = "-Onone";
			};
			name = Debug;
		};
		DB6940BD20C7D54F003B7FAA /* Release */ = {
			isa = XCBuildConfiguration;
			buildSettings = {
				ALWAYS_SEARCH_USER_PATHS = NO;
				CLANG_ANALYZER_NONNULL = YES;
				CLANG_ANALYZER_NUMBER_OBJECT_CONVERSION = YES_AGGRESSIVE;
				CLANG_CXX_LANGUAGE_STANDARD = "gnu++14";
				CLANG_CXX_LIBRARY = "libc++";
				CLANG_ENABLE_MODULES = YES;
				CLANG_ENABLE_OBJC_ARC = YES;
				CLANG_ENABLE_OBJC_WEAK = YES;
				CLANG_WARN_BLOCK_CAPTURE_AUTORELEASING = YES;
				CLANG_WARN_BOOL_CONVERSION = YES;
				CLANG_WARN_COMMA = YES;
				CLANG_WARN_CONSTANT_CONVERSION = YES;
				CLANG_WARN_DEPRECATED_OBJC_IMPLEMENTATIONS = YES;
				CLANG_WARN_DIRECT_OBJC_ISA_USAGE = YES_ERROR;
				CLANG_WARN_DOCUMENTATION_COMMENTS = YES;
				CLANG_WARN_EMPTY_BODY = YES;
				CLANG_WARN_ENUM_CONVERSION = YES;
				CLANG_WARN_INFINITE_RECURSION = YES;
				CLANG_WARN_INT_CONVERSION = YES;
				CLANG_WARN_NON_LITERAL_NULL_CONVERSION = YES;
				CLANG_WARN_OBJC_IMPLICIT_RETAIN_SELF = YES;
				CLANG_WARN_OBJC_LITERAL_CONVERSION = YES;
				CLANG_WARN_OBJC_ROOT_CLASS = YES_ERROR;
				CLANG_WARN_RANGE_LOOP_ANALYSIS = YES;
				CLANG_WARN_STRICT_PROTOTYPES = YES;
				CLANG_WARN_SUSPICIOUS_MOVE = YES;
				CLANG_WARN_UNGUARDED_AVAILABILITY = YES_AGGRESSIVE;
				CLANG_WARN_UNREACHABLE_CODE = YES;
				CLANG_WARN__DUPLICATE_METHOD_MATCH = YES;
				CODE_SIGN_IDENTITY = "iPhone Developer";
				COPY_PHASE_STRIP = NO;
				DEBUG_INFORMATION_FORMAT = "dwarf-with-dsym";
				ENABLE_NS_ASSERTIONS = NO;
				ENABLE_STRICT_OBJC_MSGSEND = YES;
				GCC_C_LANGUAGE_STANDARD = gnu11;
				GCC_NO_COMMON_BLOCKS = YES;
				GCC_WARN_64_TO_32_BIT_CONVERSION = YES;
				GCC_WARN_ABOUT_RETURN_TYPE = YES_ERROR;
				GCC_WARN_UNDECLARED_SELECTOR = YES;
				GCC_WARN_UNINITIALIZED_AUTOS = YES_AGGRESSIVE;
				GCC_WARN_UNUSED_FUNCTION = YES;
				GCC_WARN_UNUSED_VARIABLE = YES;
				IPHONEOS_DEPLOYMENT_TARGET = 11.3;
				MTL_ENABLE_DEBUG_INFO = NO;
				SDKROOT = iphoneos;
				SWIFT_COMPILATION_MODE = wholemodule;
				SWIFT_OPTIMIZATION_LEVEL = "-O";
				VALIDATE_PRODUCT = YES;
			};
			name = Release;
		};
		DB6940BF20C7D54F003B7FAA /* Debug */ = {
			isa = XCBuildConfiguration;
			buildSettings = {
				ASSETCATALOG_COMPILER_APPICON_NAME = AppIcon;
				CODE_SIGN_STYLE = Automatic;
				DEVELOPMENT_TEAM = KC7UXU4393;
				INFOPLIST_FILE = TaskManager/Info.plist;
				LD_RUNPATH_SEARCH_PATHS = (
					"$(inherited)",
					"@executable_path/Frameworks",
				);
				PRODUCT_BUNDLE_IDENTIFIER = DE.TaskManager;
				PRODUCT_NAME = "$(TARGET_NAME)";
				SWIFT_VERSION = 4.0;
				TARGETED_DEVICE_FAMILY = "1,2";
			};
			name = Debug;
		};
		DB6940C020C7D54F003B7FAA /* Release */ = {
			isa = XCBuildConfiguration;
			buildSettings = {
				ASSETCATALOG_COMPILER_APPICON_NAME = AppIcon;
				CODE_SIGN_STYLE = Automatic;
				DEVELOPMENT_TEAM = KC7UXU4393;
				INFOPLIST_FILE = TaskManager/Info.plist;
				LD_RUNPATH_SEARCH_PATHS = (
					"$(inherited)",
					"@executable_path/Frameworks",
				);
				PRODUCT_BUNDLE_IDENTIFIER = DE.TaskManager;
				PRODUCT_NAME = "$(TARGET_NAME)";
				SWIFT_VERSION = 4.0;
				TARGETED_DEVICE_FAMILY = "1,2";
			};
			name = Release;
		};
		DB6940C220C7D54F003B7FAA /* Debug */ = {
			isa = XCBuildConfiguration;
			buildSettings = {
				ALWAYS_EMBED_SWIFT_STANDARD_LIBRARIES = YES;
				BUNDLE_LOADER = "$(TEST_HOST)";
				CODE_SIGN_STYLE = Automatic;
				DEVELOPMENT_TEAM = KC7UXU4393;
				INFOPLIST_FILE = TaskManagerTests/Info.plist;
				LD_RUNPATH_SEARCH_PATHS = (
					"$(inherited)",
					"@executable_path/Frameworks",
					"@loader_path/Frameworks",
				);
				PRODUCT_BUNDLE_IDENTIFIER = DE.TaskManagerTests;
				PRODUCT_NAME = "$(TARGET_NAME)";
				SWIFT_VERSION = 4.0;
				TARGETED_DEVICE_FAMILY = "1,2";
				TEST_HOST = "$(BUILT_PRODUCTS_DIR)/TaskManager.app/TaskManager";
			};
			name = Debug;
		};
		DB6940C320C7D54F003B7FAA /* Release */ = {
			isa = XCBuildConfiguration;
			buildSettings = {
				ALWAYS_EMBED_SWIFT_STANDARD_LIBRARIES = YES;
				BUNDLE_LOADER = "$(TEST_HOST)";
				CODE_SIGN_STYLE = Automatic;
				DEVELOPMENT_TEAM = KC7UXU4393;
				INFOPLIST_FILE = TaskManagerTests/Info.plist;
				LD_RUNPATH_SEARCH_PATHS = (
					"$(inherited)",
					"@executable_path/Frameworks",
					"@loader_path/Frameworks",
				);
				PRODUCT_BUNDLE_IDENTIFIER = DE.TaskManagerTests;
				PRODUCT_NAME = "$(TARGET_NAME)";
				SWIFT_VERSION = 4.0;
				TARGETED_DEVICE_FAMILY = "1,2";
				TEST_HOST = "$(BUILT_PRODUCTS_DIR)/TaskManager.app/TaskManager";
			};
			name = Release;
		};
		DB6940C520C7D54F003B7FAA /* Debug */ = {
			isa = XCBuildConfiguration;
			buildSettings = {
				ALWAYS_EMBED_SWIFT_STANDARD_LIBRARIES = YES;
				CODE_SIGN_STYLE = Automatic;
				DEVELOPMENT_TEAM = KC7UXU4393;
				INFOPLIST_FILE = TaskManagerUITests/Info.plist;
				LD_RUNPATH_SEARCH_PATHS = (
					"$(inherited)",
					"@executable_path/Frameworks",
					"@loader_path/Frameworks",
				);
				PRODUCT_BUNDLE_IDENTIFIER = DE.TaskManagerUITests;
				PRODUCT_NAME = "$(TARGET_NAME)";
				SWIFT_VERSION = 4.0;
				TARGETED_DEVICE_FAMILY = "1,2";
				TEST_TARGET_NAME = TaskManager;
			};
			name = Debug;
		};
		DB6940C620C7D54F003B7FAA /* Release */ = {
			isa = XCBuildConfiguration;
			buildSettings = {
				ALWAYS_EMBED_SWIFT_STANDARD_LIBRARIES = YES;
				CODE_SIGN_STYLE = Automatic;
				DEVELOPMENT_TEAM = KC7UXU4393;
				INFOPLIST_FILE = TaskManagerUITests/Info.plist;
				LD_RUNPATH_SEARCH_PATHS = (
					"$(inherited)",
					"@executable_path/Frameworks",
					"@loader_path/Frameworks",
				);
				PRODUCT_BUNDLE_IDENTIFIER = DE.TaskManagerUITests;
				PRODUCT_NAME = "$(TARGET_NAME)";
				SWIFT_VERSION = 4.0;
				TARGETED_DEVICE_FAMILY = "1,2";
				TEST_TARGET_NAME = TaskManager;
			};
			name = Release;
		};
/* End XCBuildConfiguration section */

/* Begin XCConfigurationList section */
		DB69408E20C7D54D003B7FAA /* Build configuration list for PBXProject "TaskManager" */ = {
			isa = XCConfigurationList;
			buildConfigurations = (
				DB6940BC20C7D54F003B7FAA /* Debug */,
				DB6940BD20C7D54F003B7FAA /* Release */,
			);
			defaultConfigurationIsVisible = 0;
			defaultConfigurationName = Release;
		};
		DB6940BE20C7D54F003B7FAA /* Build configuration list for PBXNativeTarget "TaskManager" */ = {
			isa = XCConfigurationList;
			buildConfigurations = (
				DB6940BF20C7D54F003B7FAA /* Debug */,
				DB6940C020C7D54F003B7FAA /* Release */,
			);
			defaultConfigurationIsVisible = 0;
			defaultConfigurationName = Release;
		};
		DB6940C120C7D54F003B7FAA /* Build configuration list for PBXNativeTarget "TaskManagerTests" */ = {
			isa = XCConfigurationList;
			buildConfigurations = (
				DB6940C220C7D54F003B7FAA /* Debug */,
				DB6940C320C7D54F003B7FAA /* Release */,
			);
			defaultConfigurationIsVisible = 0;
			defaultConfigurationName = Release;
		};
		DB6940C420C7D54F003B7FAA /* Build configuration list for PBXNativeTarget "TaskManagerUITests" */ = {
			isa = XCConfigurationList;
			buildConfigurations = (
				DB6940C520C7D54F003B7FAA /* Debug */,
				DB6940C620C7D54F003B7FAA /* Release */,
			);
			defaultConfigurationIsVisible = 0;
			defaultConfigurationName = Release;
		};
/* End XCConfigurationList section */

/* Begin XCVersionGroup section */
		DB69409D20C7D54D003B7FAA /* TaskManager.xcdatamodeld */ = {
			isa = XCVersionGroup;
			children = (
				DB69409E20C7D54D003B7FAA /* TaskManager.xcdatamodel */,
			);
			currentVersion = DB69409E20C7D54D003B7FAA /* TaskManager.xcdatamodel */;
			path = TaskManager.xcdatamodeld;
			sourceTree = "<group>";
			versionGroupType = wrapper.xcdatamodel;
		};
/* End XCVersionGroup section */
	};
	rootObject = DB69408B20C7D54D003B7FAA /* Project object */;
}
